
Microsoft Visual Studio Solution File, Format Version 12.00
# Visual Studio Version 17
VisualStudioVersion = 17.3.32819.101
MinimumVisualStudioVersion = 10.0.40219.1
Project("{9A19103F-16F7-4668-BE54-9A1E7A4F7556}") = "FloatBinarioIEEE754", "FloatBinarioIEEE754.csproj", "{B5CE9426-167A-432D-B93E-3554F9B2AF3F}"
EndProject
Project("{9A19103F-16F7-4668-BE54-9A1E7A4F7556}") = "DecimalBinario", "..\teste\DecimalBinario.csproj", "{C156D6B4-CCBC-42EB-9B22-D0B37147742F}"
EndProject
Global
	GlobalSection(SolutionConfigurationPlatforms) = preSolution
		Debug|Any CPU = Debug|Any CPU
		Release|Any CPU = Release|Any CPU
	EndGlobalSection
	GlobalSection(ProjectConfigurationPlatforms) = postSolution
		{B5CE9426-167A-432D-B93E-3554F9B2AF3F}.Debug|Any CPU.ActiveCfg = Debug|Any CPU
		{B5CE9426-167A-432D-B93E-3554F9B2AF3F}.Debug|Any CPU.Build.0 = Debug|Any CPU
		{B5CE9426-167A-432D-B93E-3554F9B2AF3F}.Release|Any CPU.ActiveCfg = Release|Any CPU
		{B5CE9426-167A-432D-B93E-3554F9B2AF3F}.Release|Any CPU.Build.0 = Release|Any CPU
		{C156D6B4-CCBC-42EB-9B22-D0B37147742F}.Debug|Any CPU.ActiveCfg = Debug|Any CPU
		{C156D6B4-CCBC-42EB-9B22-D0B37147742F}.Debug|Any CPU.Build.0 = Debug|Any CPU
		{C156D6B4-CCBC-42EB-9B22-D0B37147742F}.Release|Any CPU.ActiveCfg = Release|Any CPU
		{C156D6B4-CCBC-42EB-9B22-D0B37147742F}.Release|Any CPU.Build.0 = Release|Any CPU
	EndGlobalSection
	GlobalSection(SolutionProperties) = preSolution
		HideSolutionNode = FALSE
	EndGlobalSection
	GlobalSection(ExtensibilityGlobals) = postSolution
		SolutionGuid = {AAB39235-57A0-42BB-9004-0F075730B687}
	EndGlobalSection
EndGlobal
